// !$*UTF8*$!
{
	archiveVersion = 1;
	classes = {
	};
	objectVersion = 46;
	objects = {

/* Begin PBXBuildFile section */
		633397E1199DB29B00C494B4 /* main.m in Sources */ = {isa = PBXBuildFile; fileRef = 633397E0199DB29B00C494B4 /* main.m */; };
		633397E4199DB29B00C494B4 /* WRSRootViewController.m in Sources */ = {isa = PBXBuildFile; fileRef = 633397E3199DB29B00C494B4 /* WRSRootViewController.m */; };
		633397E7199DB29B00C494B4 /* AppDelegate.m in Sources */ = {isa = PBXBuildFile; fileRef = 633397E6199DB29B00C494B4 /* AppDelegate.m */; };
		633397E9199DB29B00C494B4 /* Images.xcassets in Resources */ = {isa = PBXBuildFile; fileRef = 633397E8199DB29B00C494B4 /* Images.xcassets */; };
		633397EC199DB29C00C494B4 /* Main.storyboard in Resources */ = {isa = PBXBuildFile; fileRef = 633397EA199DB29C00C494B4 /* Main.storyboard */; };
		633397F8199DB29C00C494B4 /* WoW_Region_SwitcherTests.m in Sources */ = {isa = PBXBuildFile; fileRef = 633397F7199DB29C00C494B4 /* WoW_Region_SwitcherTests.m */; };
		636AA7F519A4563F000E6B99 /* WZFoundation.framework in Frameworks */ = {isa = PBXBuildFile; fileRef = 636AA7EC19A4560D000E6B99 /* WZFoundation.framework */; };
		636AA7F619A4563F000E6B99 /* WZFoundation.framework in Embed Frameworks */ = {isa = PBXBuildFile; fileRef = 636AA7EC19A4560D000E6B99 /* WZFoundation.framework */; settings = {ATTRIBUTES = (CodeSignOnCopy, RemoveHeadersOnCopy, ); }; };
		636AA86919A48998000E6B99 /* WRSConfigDocument.m in Sources */ = {isa = PBXBuildFile; fileRef = 636AA86819A48998000E6B99 /* WRSConfigDocument.m */; };
		636AA86C19A489AC000E6B99 /* WRSLocale.m in Sources */ = {isa = PBXBuildFile; fileRef = 636AA86B19A489AC000E6B99 /* WRSLocale.m */; };
		636AA86F19A4A9F3000E6B99 /* WRSConfigSentence.m in Sources */ = {isa = PBXBuildFile; fileRef = 636AA86E19A4A9F3000E6B99 /* WRSConfigSentence.m */; };
		636AA87219A4AEDC000E6B99 /* WRSRegion.m in Sources */ = {isa = PBXBuildFile; fileRef = 636AA87119A4AEDC000E6B99 /* WRSRegion.m */; };
		63C3203819A4DF32004F9BA9 /* Localizable.strings in Resources */ = {isa = PBXBuildFile; fileRef = 63C3203719A4DF32004F9BA9 /* Localizable.strings */; };
/* End PBXBuildFile section */

/* Begin PBXContainerItemProxy section */
		633397F2199DB29C00C494B4 /* PBXContainerItemProxy */ = {
			isa = PBXContainerItemProxy;
			containerPortal = 633397D3199DB29B00C494B4 /* Project object */;
			proxyType = 1;
			remoteGlobalIDString = 633397DA199DB29B00C494B4;
			remoteInfo = "WoW Region Switcher";
		};
		636AA7A219A45255000E6B99 /* PBXContainerItemProxy */ = {
			isa = PBXContainerItemProxy;
			containerPortal = 636AA79D19A45254000E6B99 /* WZFoundation.xcodeproj */;
			proxyType = 2;
			remoteGlobalIDString = 63525E28194A2DDD00336537;
			remoteInfo = WZFoundation;
		};
		636AA7A419A45255000E6B99 /* PBXContainerItemProxy */ = {
			isa = PBXContainerItemProxy;
			containerPortal = 636AA79D19A45254000E6B99 /* WZFoundation.xcodeproj */;
			proxyType = 2;
			remoteGlobalIDString = 63525E33194A2DDD00336537;
			remoteInfo = WZFoundationTests;
		};
		636AA7EB19A4560D000E6B99 /* PBXContainerItemProxy */ = {
			isa = PBXContainerItemProxy;
			containerPortal = 636AA79D19A45254000E6B99 /* WZFoundation.xcodeproj */;
			proxyType = 2;
			remoteGlobalIDString = 636AA7AB19A45285000E6B99;
			remoteInfo = "WZFoundation OS X";
		};
		636AA7ED19A4560D000E6B99 /* PBXContainerItemProxy */ = {
			isa = PBXContainerItemProxy;
			containerPortal = 636AA79D19A45254000E6B99 /* WZFoundation.xcodeproj */;
			proxyType = 2;
			remoteGlobalIDString = 636AA7B519A45285000E6B99;
			remoteInfo = "WZFoundation OS XTests";
		};
		636AA7F719A4563F000E6B99 /* PBXContainerItemProxy */ = {
			isa = PBXContainerItemProxy;
			containerPortal = 636AA79D19A45254000E6B99 /* WZFoundation.xcodeproj */;
			proxyType = 1;
			remoteGlobalIDString = 636AA7AA19A45285000E6B99;
			remoteInfo = "WZFoundation OS X";
		};
/* End PBXContainerItemProxy section */

/* Begin PBXCopyFilesBuildPhase section */
		636AA7F919A4563F000E6B99 /* Embed Frameworks */ = {
			isa = PBXCopyFilesBuildPhase;
			buildActionMask = 2147483647;
			dstPath = "";
			dstSubfolderSpec = 10;
			files = (
				636AA7F619A4563F000E6B99 /* WZFoundation.framework in Embed Frameworks */,
			);
			name = "Embed Frameworks";
			runOnlyForDeploymentPostprocessing = 0;
		};
/* End PBXCopyFilesBuildPhase section */

/* Begin PBXFileReference section */
		633397DB199DB29B00C494B4 /* WoW Region Switcher.app */ = {isa = PBXFileReference; explicitFileType = wrapper.application; includeInIndex = 0; path = "WoW Region Switcher.app"; sourceTree = BUILT_PRODUCTS_DIR; };
		633397DF199DB29B00C494B4 /* Info.plist */ = {isa = PBXFileReference; lastKnownFileType = text.plist.xml; path = Info.plist; sourceTree = "<group>"; };
		633397E0199DB29B00C494B4 /* main.m */ = {isa = PBXFileReference; lastKnownFileType = sourcecode.c.objc; path = main.m; sourceTree = "<group>"; };
		633397E2199DB29B00C494B4 /* WRSRootViewController.h */ = {isa = PBXFileReference; lastKnownFileType = sourcecode.c.h; path = WRSRootViewController.h; sourceTree = "<group>"; };
		633397E3199DB29B00C494B4 /* WRSRootViewController.m */ = {isa = PBXFileReference; lastKnownFileType = sourcecode.c.objc; path = WRSRootViewController.m; sourceTree = "<group>"; };
		633397E5199DB29B00C494B4 /* AppDelegate.h */ = {isa = PBXFileReference; lastKnownFileType = sourcecode.c.h; path = AppDelegate.h; sourceTree = "<group>"; };
		633397E6199DB29B00C494B4 /* AppDelegate.m */ = {isa = PBXFileReference; lastKnownFileType = sourcecode.c.objc; path = AppDelegate.m; sourceTree = "<group>"; };
		633397E8199DB29B00C494B4 /* Images.xcassets */ = {isa = PBXFileReference; lastKnownFileType = folder.assetcatalog; path = Images.xcassets; sourceTree = "<group>"; };
		633397EB199DB29C00C494B4 /* Base */ = {isa = PBXFileReference; lastKnownFileType = file.storyboard; name = Base; path = Base.lproj/Main.storyboard; sourceTree = "<group>"; };
		633397F1199DB29C00C494B4 /* WoW Region SwitcherTests.xctest */ = {isa = PBXFileReference; explicitFileType = wrapper.cfbundle; includeInIndex = 0; path = "WoW Region SwitcherTests.xctest"; sourceTree = BUILT_PRODUCTS_DIR; };
		633397F6199DB29C00C494B4 /* Info.plist */ = {isa = PBXFileReference; lastKnownFileType = text.plist.xml; path = Info.plist; sourceTree = "<group>"; };
		633397F7199DB29C00C494B4 /* WoW_Region_SwitcherTests.m */ = {isa = PBXFileReference; lastKnownFileType = sourcecode.c.objc; path = WoW_Region_SwitcherTests.m; sourceTree = "<group>"; };
		636AA79D19A45254000E6B99 /* WZFoundation.xcodeproj */ = {isa = PBXFileReference; lastKnownFileType = "wrapper.pb-project"; name = WZFoundation.xcodeproj; path = ../WZFoundation/WZFoundation.xcodeproj; sourceTree = "<group>"; };
		636AA86719A48998000E6B99 /* WRSConfigDocument.h */ = {isa = PBXFileReference; fileEncoding = 4; lastKnownFileType = sourcecode.c.h; path = WRSConfigDocument.h; sourceTree = "<group>"; };
		636AA86819A48998000E6B99 /* WRSConfigDocument.m */ = {isa = PBXFileReference; fileEncoding = 4; lastKnownFileType = sourcecode.c.objc; path = WRSConfigDocument.m; sourceTree = "<group>"; };
		636AA86A19A489AC000E6B99 /* WRSLocale.h */ = {isa = PBXFileReference; fileEncoding = 4; lastKnownFileType = sourcecode.c.h; path = WRSLocale.h; sourceTree = "<group>"; };
		636AA86B19A489AC000E6B99 /* WRSLocale.m */ = {isa = PBXFileReference; fileEncoding = 4; lastKnownFileType = sourcecode.c.objc; path = WRSLocale.m; sourceTree = "<group>"; };
		636AA86D19A4A9F3000E6B99 /* WRSConfigSentence.h */ = {isa = PBXFileReference; fileEncoding = 4; lastKnownFileType = sourcecode.c.h; path = WRSConfigSentence.h; sourceTree = "<group>"; };
		636AA86E19A4A9F3000E6B99 /* WRSConfigSentence.m */ = {isa = PBXFileReference; fileEncoding = 4; lastKnownFileType = sourcecode.c.objc; path = WRSConfigSentence.m; sourceTree = "<group>"; };
		636AA87019A4AEDC000E6B99 /* WRSRegion.h */ = {isa = PBXFileReference; fileEncoding = 4; lastKnownFileType = sourcecode.c.h; path = WRSRegion.h; sourceTree = "<group>"; };
		636AA87119A4AEDC000E6B99 /* WRSRegion.m */ = {isa = PBXFileReference; fileEncoding = 4; lastKnownFileType = sourcecode.c.objc; path = WRSRegion.m; sourceTree = "<group>"; };
		63C3203719A4DF32004F9BA9 /* Localizable.strings */ = {isa = PBXFileReference; fileEncoding = 4; lastKnownFileType = text.plist.strings; path = Localizable.strings; sourceTree = "<group>"; };
/* End PBXFileReference section */

/* Begin PBXFrameworksBuildPhase section */
		633397D8199DB29B00C494B4 /* Frameworks */ = {
			isa = PBXFrameworksBuildPhase;
			buildActionMask = 2147483647;
			files = (
				636AA7F519A4563F000E6B99 /* WZFoundation.framework in Frameworks */,
			);
			runOnlyForDeploymentPostprocessing = 0;
		};
		633397EE199DB29C00C494B4 /* Frameworks */ = {
			isa = PBXFrameworksBuildPhase;
			buildActionMask = 2147483647;
			files = (
			);
			runOnlyForDeploymentPostprocessing = 0;
		};
/* End PBXFrameworksBuildPhase section */

/* Begin PBXGroup section */
		633397D2199DB29B00C494B4 = {
			isa = PBXGroup;
			children = (
				633397DD199DB29B00C494B4 /* WoW Region Switcher */,
				633397F4199DB29C00C494B4 /* WoW Region SwitcherTests */,
				633397DC199DB29B00C494B4 /* Products */,
				636AA79D19A45254000E6B99 /* WZFoundation.xcodeproj */,
			);
			sourceTree = "<group>";
		};
		633397DC199DB29B00C494B4 /* Products */ = {
			isa = PBXGroup;
			children = (
				633397DB199DB29B00C494B4 /* WoW Region Switcher.app */,
				633397F1199DB29C00C494B4 /* WoW Region SwitcherTests.xctest */,
			);
			name = Products;
			sourceTree = "<group>";
		};
		633397DD199DB29B00C494B4 /* WoW Region Switcher */ = {
			isa = PBXGroup;
			children = (
				636AA86D19A4A9F3000E6B99 /* WRSConfigSentence.h */,
				636AA86E19A4A9F3000E6B99 /* WRSConfigSentence.m */,
				636AA86719A48998000E6B99 /* WRSConfigDocument.h */,
				636AA86819A48998000E6B99 /* WRSConfigDocument.m */,
				636AA86A19A489AC000E6B99 /* WRSLocale.h */,
				636AA86B19A489AC000E6B99 /* WRSLocale.m */,
				636AA87019A4AEDC000E6B99 /* WRSRegion.h */,
				636AA87119A4AEDC000E6B99 /* WRSRegion.m */,
				633397E2199DB29B00C494B4 /* WRSRootViewController.h */,
				633397E3199DB29B00C494B4 /* WRSRootViewController.m */,
				633397DE199DB29B00C494B4 /* Supporting Files */,
			);
			path = "WoW Region Switcher";
			sourceTree = "<group>";
		};
		633397DE199DB29B00C494B4 /* Supporting Files */ = {
			isa = PBXGroup;
			children = (
				63C3203719A4DF32004F9BA9 /* Localizable.strings */,
				633397E8199DB29B00C494B4 /* Images.xcassets */,
				633397EA199DB29C00C494B4 /* Main.storyboard */,
				633397E5199DB29B00C494B4 /* AppDelegate.h */,
				633397E6199DB29B00C494B4 /* AppDelegate.m */,
				633397DF199DB29B00C494B4 /* Info.plist */,
				633397E0199DB29B00C494B4 /* main.m */,
			);
			name = "Supporting Files";
			sourceTree = "<group>";
		};
		633397F4199DB29C00C494B4 /* WoW Region SwitcherTests */ = {
			isa = PBXGroup;
			children = (
				633397F7199DB29C00C494B4 /* WoW_Region_SwitcherTests.m */,
				633397F5199DB29C00C494B4 /* Supporting Files */,
			);
			path = "WoW Region SwitcherTests";
			sourceTree = "<group>";
		};
		633397F5199DB29C00C494B4 /* Supporting Files */ = {
			isa = PBXGroup;
			children = (
				633397F6199DB29C00C494B4 /* Info.plist */,
			);
			name = "Supporting Files";
			sourceTree = "<group>";
		};
		636AA79E19A45254000E6B99 /* Products */ = {
			isa = PBXGroup;
			children = (
				636AA7A319A45255000E6B99 /* WZFoundation.framework */,
				636AA7A519A45255000E6B99 /* WZFoundationTests.xctest */,
				636AA7EC19A4560D000E6B99 /* WZFoundation.framework */,
				636AA7EE19A4560D000E6B99 /* WZFoundation OS XTests.xctest */,
			);
			name = Products;
			sourceTree = "<group>";
		};
/* End PBXGroup section */

/* Begin PBXNativeTarget section */
		633397DA199DB29B00C494B4 /* WoW Region Switcher */ = {
			isa = PBXNativeTarget;
			buildConfigurationList = 633397FB199DB29C00C494B4 /* Build configuration list for PBXNativeTarget "WoW Region Switcher" */;
			buildPhases = (
				633397D7199DB29B00C494B4 /* Sources */,
				633397D8199DB29B00C494B4 /* Frameworks */,
				633397D9199DB29B00C494B4 /* Resources */,
				636AA7F919A4563F000E6B99 /* Embed Frameworks */,
			);
			buildRules = (
			);
			dependencies = (
				636AA7F819A4563F000E6B99 /* PBXTargetDependency */,
			);
			name = "WoW Region Switcher";
			productName = "WoW Region Switcher";
			productReference = 633397DB199DB29B00C494B4 /* WoW Region Switcher.app */;
			productType = "com.apple.product-type.application";
		};
		633397F0199DB29C00C494B4 /* WoW Region SwitcherTests */ = {
			isa = PBXNativeTarget;
			buildConfigurationList = 633397FE199DB29C00C494B4 /* Build configuration list for PBXNativeTarget "WoW Region SwitcherTests" */;
			buildPhases = (
				633397ED199DB29C00C494B4 /* Sources */,
				633397EE199DB29C00C494B4 /* Frameworks */,
				633397EF199DB29C00C494B4 /* Resources */,
			);
			buildRules = (
			);
			dependencies = (
				633397F3199DB29C00C494B4 /* PBXTargetDependency */,
			);
			name = "WoW Region SwitcherTests";
			productName = "WoW Region SwitcherTests";
			productReference = 633397F1199DB29C00C494B4 /* WoW Region SwitcherTests.xctest */;
			productType = "com.apple.product-type.bundle.unit-test";
		};
/* End PBXNativeTarget section */

/* Begin PBXProject section */
		633397D3199DB29B00C494B4 /* Project object */ = {
			isa = PBXProject;
			attributes = {
				LastUpgradeCheck = 0600;
				ORGANIZATIONNAME = "WeZZard Design";
				TargetAttributes = {
					633397DA199DB29B00C494B4 = {
						CreatedOnToolsVersion = 6.0;
					};
					633397F0199DB29C00C494B4 = {
						CreatedOnToolsVersion = 6.0;
						TestTargetID = 633397DA199DB29B00C494B4;
					};
				};
			};
			buildConfigurationList = 633397D6199DB29B00C494B4 /* Build configuration list for PBXProject "WoW Region Switcher" */;
			compatibilityVersion = "Xcode 3.2";
			developmentRegion = English;
			hasScannedForEncodings = 0;
			knownRegions = (
				Base,
			);
			mainGroup = 633397D2199DB29B00C494B4;
			productRefGroup = 633397DC199DB29B00C494B4 /* Products */;
			projectDirPath = "";
			projectReferences = (
				{
					ProductGroup = 636AA79E19A45254000E6B99 /* Products */;
					ProjectRef = 636AA79D19A45254000E6B99 /* WZFoundation.xcodeproj */;
				},
			);
			projectRoot = "";
			targets = (
				633397DA199DB29B00C494B4 /* WoW Region Switcher */,
				633397F0199DB29C00C494B4 /* WoW Region SwitcherTests */,
			);
		};
/* End PBXProject section */

/* Begin PBXReferenceProxy section */
		636AA7A319A45255000E6B99 /* WZFoundation.framework */ = {
			isa = PBXReferenceProxy;
			fileType = wrapper.framework;
			path = WZFoundation.framework;
			remoteRef = 636AA7A219A45255000E6B99 /* PBXContainerItemProxy */;
			sourceTree = BUILT_PRODUCTS_DIR;
		};
		636AA7A519A45255000E6B99 /* WZFoundationTests.xctest */ = {
			isa = PBXReferenceProxy;
			fileType = wrapper.cfbundle;
			path = WZFoundationTests.xctest;
			remoteRef = 636AA7A419A45255000E6B99 /* PBXContainerItemProxy */;
			sourceTree = BUILT_PRODUCTS_DIR;
		};
		636AA7EC19A4560D000E6B99 /* WZFoundation.framework */ = {
			isa = PBXReferenceProxy;
			fileType = wrapper.framework;
			path = WZFoundation.framework;
			remoteRef = 636AA7EB19A4560D000E6B99 /* PBXContainerItemProxy */;
			sourceTree = BUILT_PRODUCTS_DIR;
		};
		636AA7EE19A4560D000E6B99 /* WZFoundation OS XTests.xctest */ = {
			isa = PBXReferenceProxy;
			fileType = wrapper.cfbundle;
			path = "WZFoundation OS XTests.xctest";
			remoteRef = 636AA7ED19A4560D000E6B99 /* PBXContainerItemProxy */;
			sourceTree = BUILT_PRODUCTS_DIR;
		};
/* End PBXReferenceProxy section */

/* Begin PBXResourcesBuildPhase section */
		633397D9199DB29B00C494B4 /* Resources */ = {
			isa = PBXResourcesBuildPhase;
			buildActionMask = 2147483647;
			files = (
				633397E9199DB29B00C494B4 /* Images.xcassets in Resources */,
				63C3203819A4DF32004F9BA9 /* Localizable.strings in Resources */,
				633397EC199DB29C00C494B4 /* Main.storyboard in Resources */,
			);
			runOnlyForDeploymentPostprocessing = 0;
		};
		633397EF199DB29C00C494B4 /* Resources */ = {
			isa = PBXResourcesBuildPhase;
			buildActionMask = 2147483647;
			files = (
			);
			runOnlyForDeploymentPostprocessing = 0;
		};
/* End PBXResourcesBuildPhase section */

/* Begin PBXSourcesBuildPhase section */
		633397D7199DB29B00C494B4 /* Sources */ = {
			isa = PBXSourcesBuildPhase;
			buildActionMask = 2147483647;
			files = (
				633397E4199DB29B00C494B4 /* WRSRootViewController.m in Sources */,
				636AA86F19A4A9F3000E6B99 /* WRSConfigSentence.m in Sources */,
				633397E1199DB29B00C494B4 /* main.m in Sources */,
				633397E7199DB29B00C494B4 /* AppDelegate.m in Sources */,
				636AA86919A48998000E6B99 /* WRSConfigDocument.m in Sources */,
				636AA87219A4AEDC000E6B99 /* WRSRegion.m in Sources */,
				636AA86C19A489AC000E6B99 /* WRSLocale.m in Sources */,
			);
			runOnlyForDeploymentPostprocessing = 0;
		};
		633397ED199DB29C00C494B4 /* Sources */ = {
			isa = PBXSourcesBuildPhase;
			buildActionMask = 2147483647;
			files = (
				633397F8199DB29C00C494B4 /* WoW_Region_SwitcherTests.m in Sources */,
			);
			runOnlyForDeploymentPostprocessing = 0;
		};
/* End PBXSourcesBuildPhase section */

/* Begin PBXTargetDependency section */
		633397F3199DB29C00C494B4 /* PBXTargetDependency */ = {
			isa = PBXTargetDependency;
			target = 633397DA199DB29B00C494B4 /* WoW Region Switcher */;
			targetProxy = 633397F2199DB29C00C494B4 /* PBXContainerItemProxy */;
		};
		636AA7F819A4563F000E6B99 /* PBXTargetDependency */ = {
			isa = PBXTargetDependency;
			name = "WZFoundation OS X";
			targetProxy = 636AA7F719A4563F000E6B99 /* PBXContainerItemProxy */;
		};
/* End PBXTargetDependency section */

/* Begin PBXVariantGroup section */
		633397EA199DB29C00C494B4 /* Main.storyboard */ = {
			isa = PBXVariantGroup;
			children = (
				633397EB199DB29C00C494B4 /* Base */,
			);
			name = Main.storyboard;
			sourceTree = "<group>";
		};
/* End PBXVariantGroup section */

/* Begin XCBuildConfiguration section */
		633397F9199DB29C00C494B4 /* Debug */ = {
			isa = XCBuildConfiguration;
			buildSettings = {
				ALWAYS_SEARCH_USER_PATHS = NO;
				CLANG_CXX_LANGUAGE_STANDARD = "gnu++0x";
				CLANG_CXX_LIBRARY = "libc++";
				CLANG_ENABLE_MODULES = YES;
				CLANG_ENABLE_OBJC_ARC = YES;
				CLANG_WARN_BOOL_CONVERSION = YES;
				CLANG_WARN_CONSTANT_CONVERSION = YES;
				CLANG_WARN_DIRECT_OBJC_ISA_USAGE = YES_ERROR;
				CLANG_WARN_EMPTY_BODY = YES;
				CLANG_WARN_ENUM_CONVERSION = YES;
				CLANG_WARN_INT_CONVERSION = YES;
				CLANG_WARN_OBJC_ROOT_CLASS = YES_ERROR;
				CLANG_WARN_UNREACHABLE_CODE = YES;
				CLANG_WARN__DUPLICATE_METHOD_MATCH = YES;
				CODE_SIGN_IDENTITY = "-";
				COPY_PHASE_STRIP = NO;
				ENABLE_STRICT_OBJC_MSGSEND = YES;
				GCC_C_LANGUAGE_STANDARD = gnu99;
				GCC_DYNAMIC_NO_PIC = NO;
				GCC_OPTIMIZATION_LEVEL = 0;
				GCC_PREPROCESSOR_DEFINITIONS = (
					"DEBUG=1",
					"$(inherited)",
				);
				GCC_SYMBOLS_PRIVATE_EXTERN = NO;
				GCC_WARN_64_TO_32_BIT_CONVERSION = YES;
				GCC_WARN_ABOUT_RETURN_TYPE = YES_ERROR;
				GCC_WARN_UNDECLARED_SELECTOR = YES;
				GCC_WARN_UNINITIALIZED_AUTOS = YES_AGGRESSIVE;
				GCC_WARN_UNUSED_FUNCTION = YES;
				GCC_WARN_UNUSED_VARIABLE = YES;
				MACOSX_DEPLOYMENT_TARGET = 10.10;
				MTL_ENABLE_DEBUG_INFO = YES;
				ONLY_ACTIVE_ARCH = YES;
				SDKROOT = macosx;
			};
			name = Debug;
		};
		633397FA199DB29C00C494B4 /* Release */ = {
			isa = XCBuildConfiguration;
			buildSettings = {
				ALWAYS_SEARCH_USER_PATHS = NO;
				CLANG_CXX_LANGUAGE_STANDARD = "gnu++0x";
				CLANG_CXX_LIBRARY = "libc++";
				CLANG_ENABLE_MODULES = YES;
				CLANG_ENABLE_OBJC_ARC = YES;
				CLANG_WARN_BOOL_CONVERSION = YES;
				CLANG_WARN_CONSTANT_CONVERSION = YES;
				CLANG_WARN_DIRECT_OBJC_ISA_USAGE = YES_ERROR;
				CLANG_WARN_EMPTY_BODY = YES;
				CLANG_WARN_ENUM_CONVERSION = YES;
				CLANG_WARN_INT_CONVERSION = YES;
				CLANG_WARN_OBJC_ROOT_CLASS = YES_ERROR;
				CLANG_WARN_UNREACHABLE_CODE = YES;
				CLANG_WARN__DUPLICATE_METHOD_MATCH = YES;
				CODE_SIGN_IDENTITY = "-";
				COPY_PHASE_STRIP = YES;
				DEBUG_INFORMATION_FORMAT = "dwarf-with-dsym";
				ENABLE_NS_ASSERTIONS = NO;
				ENABLE_STRICT_OBJC_MSGSEND = YES;
				GCC_C_LANGUAGE_STANDARD = gnu99;
				GCC_WARN_64_TO_32_BIT_CONVERSION = YES;
				GCC_WARN_ABOUT_RETURN_TYPE = YES_ERROR;
				GCC_WARN_UNDECLARED_SELECTOR = YES;
				GCC_WARN_UNINITIALIZED_AUTOS = YES_AGGRESSIVE;
				GCC_WARN_UNUSED_FUNCTION = YES;
				GCC_WARN_UNUSED_VARIABLE = YES;
				MACOSX_DEPLOYMENT_TARGET = 10.10;
				MTL_ENABLE_DEBUG_INFO = NO;
				SDKROOT = macosx;
			};
			name = Release;
		};
		633397FC199DB29C00C494B4 /* Debug */ = {
			isa = XCBuildConfiguration;
			buildSettings = {
				ASSETCATALOG_COMPILER_APPICON_NAME = AppIcon;
				COMBINE_HIDPI_IMAGES = YES;
				HEADER_SEARCH_PATHS = (
					"$(inherited)",
					"/Applications/Xcode6-Beta6.app/Contents/Developer/Toolchains/XcodeDefault.xctoolchain/usr/include",
					"$(CONFIGURATION_BUILD_DIR)",
				);
				INFOPLIST_FILE = "WoW Region Switcher/Info.plist";
				LD_RUNPATH_SEARCH_PATHS = "$(inherited) @executable_path/../Frameworks";
				PRODUCT_NAME = "$(TARGET_NAME)";
			};
			name = Debug;
		};
		633397FD199DB29C00C494B4 /* Release */ = {
			isa = XCBuildConfiguration;
			buildSettings = {
				ASSETCATALOG_COMPILER_APPICON_NAME = AppIcon;
				COMBINE_HIDPI_IMAGES = YES;
				HEADER_SEARCH_PATHS = (
					"$(inherited)",
					"/Applications/Xcode6-Beta6.app/Contents/Developer/Toolchains/XcodeDefault.xctoolchain/usr/include",
					"$(CONFIGURATION_BUILD_DIR)",
				);
				INFOPLIST_FILE = "WoW Region Switcher/Info.plist";
				LD_RUNPATH_SEARCH_PATHS = "$(inherited) @executable_path/../Frameworks";
				PRODUCT_NAME = "$(TARGET_NAME)";
			};
			name = Release;
		};
		633397FF199DB29C00C494B4 /* Debug */ = {
			isa = XCBuildConfiguration;
			buildSettings = {
				BUNDLE_LOADER = "$(TEST_HOST)";
				COMBINE_HIDPI_IMAGES = YES;
				FRAMEWORK_SEARCH_PATHS = (
					"$(DEVELOPER_FRAMEWORKS_DIR)",
					"$(inherited)",
				);
				GCC_PREPROCESSOR_DEFINITIONS = (
					"DEBUG=1",
					"$(inherited)",
				);
				INFOPLIST_FILE = "WoW Region SwitcherTests/Info.plist";
				LD_RUNPATH_SEARCH_PATHS = "$(inherited) @executable_path/../Frameworks @loader_path/../Frameworks";
				PRODUCT_NAME = "$(TARGET_NAME)";
				TEST_HOST = "$(BUILT_PRODUCTS_DIR)/WoW Region Switcher.app/Contents/MacOS/WoW Region Switcher";
			};
			name = Debug;
		};
		63339800199DB29C00C494B4 /* Release */ = {
			isa = XCBuildConfiguration;
			buildSettings = {
				BUNDLE_LOADER = "$(TEST_HOST)";
				COMBINE_HIDPI_IMAGES = YES;
				FRAMEWORK_SEARCH_PATHS = (
					"$(DEVELOPER_FRAMEWORKS_DIR)",
					"$(inherited)",
				);
				INFOPLIST_FILE = "WoW Region SwitcherTests/Info.plist";
				LD_RUNPATH_SEARCH_PATHS = "$(inherited) @executable_path/../Frameworks @loader_path/../Frameworks";
				PRODUCT_NAME = "$(TARGET_NAME)";
				TEST_HOST = "$(BUILT_PRODUCTS_DIR)/WoW Region Switcher.app/Contents/MacOS/WoW Region Switcher";
			};
			name = Release;
		};
/* End XCBuildConfiguration section */

/* Begin XCConfigurationList section */
		633397D6199DB29B00C494B4 /* Build configuration list for PBXProject "WoW Region Switcher" */ = {
			isa = XCConfigurationList;
			buildConfigurations = (
				633397F9199DB29C00C494B4 /* Debug */,
				633397FA199DB29C00C494B4 /* Release */,
			);
			defaultConfigurationIsVisible = 0;
			defaultConfigurationName = Release;
		};
		633397FB199DB29C00C494B4 /* Build configuration list for PBXNativeTarget "WoW Region Switcher" */ = {
			isa = XCConfigurationList;
			buildConfigurations = (
				633397FC199DB29C00C494B4 /* Debug */,
				633397FD199DB29C00C494B4 /* Release */,
			);
			defaultConfigurationIsVisible = 0;
			defaultConfigurationName = Release;
		};
		633397FE199DB29C00C494B4 /* Build configuration list for PBXNativeTarget "WoW Region SwitcherTests" */ = {
			isa = XCConfigurationList;
			buildConfigurations = (
				633397FF199DB29C00C494B4 /* Debug */,
				63339800199DB29C00C494B4 /* Release */,
			);
			defaultConfigurationIsVisible = 0;
			defaultConfigurationName = Release;
		};
/* End XCConfigurationList section */
	};
	rootObject = 633397D3199DB29B00C494B4 /* Project object */;
}
